<?xml version="1.0" encoding="utf-8"?>
<Project ToolsVersion="4.0" xmlns="http://schemas.microsoft.com/developer/msbuild/2003">
  <ItemGroup>
    <Filter Include="Source Files">
      <UniqueIdentifier>{4FC737F1-C7A5-4376-A066-2A32D752A2FF}</UniqueIdentifier>
      <Extensions>cpp;c;cc;cxx;def;odl;idl;hpj;bat;asm;asmx</Extensions>
    </Filter>
    <Filter Include="Header Files">
      <UniqueIdentifier>{93995380-89BD-4b04-88EB-625FBE52EBFB}</UniqueIdentifier>
      <Extensions>h;hpp;hxx;hm;inl;inc;xsd</Extensions>
    </Filter>
    <Filter Include="Resource Files">
      <UniqueIdentifier>{67DA6AB6-F800-4c08-8B7A-83BB121AAD01}</UniqueIdentifier>
      <Extensions>rc;ico;cur;bmp;dlg;rc2;rct;bin;rgs;gif;jpg;jpeg;jpe;resx;tiff;tif;png;wav;mfcribbon-ms</Extensions>
    </Filter>
    <Filter Include="Header Files\Helper">
      <UniqueIdentifier>{9c13564c-16d6-4a91-9430-987f4316a593}</UniqueIdentifier>
    </Filter>
    <Filter Include="Header Files\Mathematics">
      <UniqueIdentifier>{9e2063f4-e96c-403c-8e1b-940a7ec7ce7a}</UniqueIdentifier>
    </Filter>
    <Filter Include="Header Files\OpenGLForm">
      <UniqueIdentifier>{c7d860fc-295a-4434-90f8-8557b497a55d}</UniqueIdentifier>
    </Filter>
    <Filter Include="Header Files\Controller">
      <UniqueIdentifier>{d3a1edde-5205-4641-8f78-f6b460dab9a2}</UniqueIdentifier>
    </Filter>
    <Filter Include="Header Files\Controller\AssimpFileHandler">
      <UniqueIdentifier>{82c0c808-e431-4e53-b0eb-88cc85a28c55}</UniqueIdentifier>
    </Filter>
    <Filter Include="Header Files\Controller\Model">
      <UniqueIdentifier>{23e2a075-3819-4e9a-9d8a-a77ff913b775}</UniqueIdentifier>
    </Filter>
    <Filter Include="Source Files\Controller">
      <UniqueIdentifier>{6ac011f6-379f-4520-ba1a-789b850ed7b1}</UniqueIdentifier>
    </Filter>
    <Filter Include="Source Files\Controller\AssimpFileHandler">
      <UniqueIdentifier>{7245619d-4a20-43f8-b4d6-cfb0119454de}</UniqueIdentifier>
    </Filter>
    <Filter Include="Source Files\Controller\Model">
      <UniqueIdentifier>{4d0c9ea4-a100-433d-be80-14883d972df7}</UniqueIdentifier>
    </Filter>
    <Filter Include="Source Files\Helper">
      <UniqueIdentifier>{96771b9c-bdab-4b11-ae8d-a69b116a77a2}</UniqueIdentifier>
    </Filter>
    <Filter Include="Source Files\Mathematics">
      <UniqueIdentifier>{575ec41c-ce5a-462d-ac9a-ecf75a3beccf}</UniqueIdentifier>
    </Filter>
    <Filter Include="Source Files\OpenGLForm">
      <UniqueIdentifier>{2ba86172-6c26-4645-9bc2-52480f70cf65}</UniqueIdentifier>
    </Filter>
  </ItemGroup>
  <ItemGroup>
    <None Include="ReadMe.txt" />
    <None Include="app.ico">
      <Filter>Resource Files</Filter>
    </None>
  </ItemGroup>
  <ItemGroup>
    <ClCompile Include="SDF.cpp">
      <Filter>Source Files</Filter>
    </ClCompile>
    <ClCompile Include="AssemblyInfo.cpp">
      <Filter>Source Files</Filter>
    </ClCompile>
    <ClCompile Include="stdafx.cpp">
      <Filter>Source Files</Filter>
    </ClCompile>
    <ClCompile Include="src\OpenGLForm\OpenGL.cpp">
      <Filter>Source Files\OpenGLForm</Filter>
    </ClCompile>
    <ClCompile Include="src\Mathematics\Vector4.cpp">
      <Filter>Source Files\Mathematics</Filter>
    </ClCompile>
    <ClCompile Include="src\Helper\StringHelper.cpp">
      <Filter>Source Files\Helper</Filter>
    </ClCompile>
    <ClCompile Include="src\Model\Face.cpp">
      <Filter>Source Files\Controller\Model</Filter>
    </ClCompile>
    <ClCompile Include="src\Model\Octree.cpp">
      <Filter>Source Files\Controller\Model</Filter>
    </ClCompile>
    <ClCompile Include="src\Model\Vertex.cpp">
      <Filter>Source Files\Controller\Model</Filter>
    </ClCompile>
    <ClCompile Include="src\AssimpFileHandler\Assimp.cpp">
      <Filter>Source Files\Controller\AssimpFileHandler</Filter>
    </ClCompile>
    <ClCompile Include="ModelController.cpp">
      <Filter>Source Files\Controller</Filter>
    </ClCompile>
  </ItemGroup>
  <ItemGroup>
    <ClInclude Include="stdafx.h">
      <Filter>Header Files</Filter>
    </ClInclude>
    <ClInclude Include="resource.h">
      <Filter>Header Files</Filter>
    </ClInclude>
    <ClInclude Include="src\AssimpFileHandler\Assimp.h">
      <Filter>Header Files\Controller\AssimpFileHandler</Filter>
    </ClInclude>
    <ClInclude Include="src\Model\Face.h">
      <Filter>Header Files\Controller\Model</Filter>
    </ClInclude>
    <ClInclude Include="src\Model\Octree.h">
      <Filter>Header Files\Controller\Model</Filter>
    </ClInclude>
    <ClInclude Include="src\Model\Vertex.h">
      <Filter>Header Files\Controller\Model</Filter>
    </ClInclude>
    <ClInclude Include="src\Helper\StringHelper.h">
      <Filter>Header Files\Helper</Filter>
    </ClInclude>
    <ClInclude Include="src\Mathematics\Matrix4.h">
      <Filter>Header Files\Mathematics</Filter>
    </ClInclude>
    <ClInclude Include="src\Mathematics\Vector4.h">
      <Filter>Header Files\Mathematics</Filter>
    </ClInclude>
    <ClInclude Include="src\OpenGLForm\OpenGL.h">
      <Filter>Header Files\OpenGLForm</Filter>
    </ClInclude>
    <ClInclude Include="Form1.h">
      <Filter>Header Files</Filter>
    </ClInclude>
    <ClInclude Include="ModelController.h">
      <Filter>Header Files\Controller</Filter>
    </ClInclude>
    <ClInclude Include="LinkedList.h">
      <Filter>Header Files\Controller</Filter>
    </ClInclude>
  </ItemGroup>
  <ItemGroup>
    <ResourceCompile Include="app.rc">
      <Filter>Resource Files</Filter>
    </ResourceCompile>
  </ItemGroup>
  <ItemGroup>
    <EmbeddedResource Include="Form1.resX">
      <Filter>Resource Files</Filter>
    </EmbeddedResource>
  </ItemGroup>
</Project>